
Microsoft Visual Studio Solution File, Format Version 12.00
# Visual Studio Version 17
VisualStudioVersion = 17.3.32714.290
MinimumVisualStudioVersion = 10.0.40219.1
Project("{9A19103F-16F7-4668-BE54-9A1E7A4F7556}") = "EFCoreDemo", "EFCoreDemo\EFCoreDemo.csproj", "{78D40981-A405-440C-89FF-0DFBBD5C464C}"
EndProject
Global
	GlobalSection(SolutionConfigurationPlatforms) = preSolution
		Debug|Any CPU = Debug|Any CPU
		Release|Any CPU = Release|Any CPU
	EndGlobalSection
	GlobalSection(ProjectConfigurationPlatforms) = postSolution
		{78D40981-A405-440C-89FF-0DFBBD5C464C}.Debug|Any CPU.ActiveCfg = Debug|Any CPU
		{78D40981-A405-440C-89FF-0DFBBD5C464C}.Debug|Any CPU.Build.0 = Debug|Any CPU
		{78D40981-A405-440C-89FF-0DFBBD5C464C}.Release|Any CPU.ActiveCfg = Release|Any CPU
		{78D40981-A405-440C-89FF-0DFBBD5C464C}.Release|Any CPU.Build.0 = Release|Any CPU
	EndGlobalSection
	GlobalSection(SolutionProperties) = preSolution
		HideSolutionNode = FALSE
	EndGlobalSection
	GlobalSection(ExtensibilityGlobals) = postSolution
		SolutionGuid = {0177623B-C03A-423C-80B5-0ED86A503E98}
	EndGlobalSection
EndGlobal
